
Microsoft Visual Studio Solution File, Format Version 12.00
# Visual Studio Version 17
VisualStudioVersion = 17.1.32210.238
MinimumVisualStudioVersion = 10.0.40219.1
Project("{FAE04EC0-301F-11D3-BF4B-00C04F79EFBC}") = "GeneticAlgorithmDiplom", "GeneticAlgorithmDiplom\GeneticAlgorithmDiplom.csproj", "{30DB9511-01E5-4919-A7B9-E0C969513140}"
EndProject
Project("{FAE04EC0-301F-11D3-BF4B-00C04F79EFBC}") = "GeneticAlgorithmTest", "GeneticAlgorithmTest\GeneticAlgorithmTest.csproj", "{B55FFB2C-6268-4278-A011-2E5575A59832}"
EndProject
Global
	GlobalSection(SolutionConfigurationPlatforms) = preSolution
		Debug|Any CPU = Debug|Any CPU
		Release|Any CPU = Release|Any CPU
	EndGlobalSection
	GlobalSection(ProjectConfigurationPlatforms) = postSolution
		{30DB9511-01E5-4919-A7B9-E0C969513140}.Debug|Any CPU.ActiveCfg = Debug|Any CPU
		{30DB9511-01E5-4919-A7B9-E0C969513140}.Debug|Any CPU.Build.0 = Debug|Any CPU
		{30DB9511-01E5-4919-A7B9-E0C969513140}.Release|Any CPU.ActiveCfg = Release|Any CPU
		{30DB9511-01E5-4919-A7B9-E0C969513140}.Release|Any CPU.Build.0 = Release|Any CPU
		{B55FFB2C-6268-4278-A011-2E5575A59832}.Debug|Any CPU.ActiveCfg = Debug|Any CPU
		{B55FFB2C-6268-4278-A011-2E5575A59832}.Debug|Any CPU.Build.0 = Debug|Any CPU
		{B55FFB2C-6268-4278-A011-2E5575A59832}.Release|Any CPU.ActiveCfg = Release|Any CPU
		{B55FFB2C-6268-4278-A011-2E5575A59832}.Release|Any CPU.Build.0 = Release|Any CPU
	EndGlobalSection
	GlobalSection(SolutionProperties) = preSolution
		HideSolutionNode = FALSE
	EndGlobalSection
	GlobalSection(ExtensibilityGlobals) = postSolution
		SolutionGuid = {7D367D7D-C3EC-4FBA-9751-04246B591DC1}
	EndGlobalSection
EndGlobal
